Microsoft Visual Studio Solution File, Format Version 12.00
# Visual Studio 15
VisualStudioVersion = 15.0.27004.2008
MinimumVisualStudioVersion = 15.0.26124.0
Project("{9A19103F-16F7-4668-BE54-9A1E7A4F7556}") = "IbanValidation", "IbanValidation\IbanValidation.csproj", "{4044EA84-8AF9-43F0-A2FD-9F43B31A33C4}"
EndProject
Project("{9A19103F-16F7-4668-BE54-9A1E7A4F7556}") = "IbanValidation.TestFixtures", "IbanValidation.TestFixtures\IbanValidation.TestFixtures.csproj", "{A0AF04D0-D779-4D90-A77F-90E3A051FFE7}"
EndProject
Project("{9A19103F-16F7-4668-BE54-9A1E7A4F7556}") = "IbanValidation.Web", "IbanValidation.Web\IbanValidation.Web.csproj", "{C70DC1E0-355B-41CF-956D-718CC21AAED2}"
EndProject
Global
	GlobalSection(SolutionConfigurationPlatforms) = preSolution
		Debug|Any CPU = Debug|Any CPU
		Debug|x64 = Debug|x64
		Debug|x86 = Debug|x86
		Release|Any CPU = Release|Any CPU
		Release|x64 = Release|x64
		Release|x86 = Release|x86
	EndGlobalSection
	GlobalSection(ProjectConfigurationPlatforms) = postSolution
		{4044EA84-8AF9-43F0-A2FD-9F43B31A33C4}.Debug|Any CPU.ActiveCfg = Debug|Any CPU
		{4044EA84-8AF9-43F0-A2FD-9F43B31A33C4}.Debug|Any CPU.Build.0 = Debug|Any CPU
		{4044EA84-8AF9-43F0-A2FD-9F43B31A33C4}.Debug|x64.ActiveCfg = Debug|Any CPU
		{4044EA84-8AF9-43F0-A2FD-9F43B31A33C4}.Debug|x64.Build.0 = Debug|Any CPU
		{4044EA84-8AF9-43F0-A2FD-9F43B31A33C4}.Debug|x86.ActiveCfg = Debug|Any CPU
		{4044EA84-8AF9-43F0-A2FD-9F43B31A33C4}.Debug|x86.Build.0 = Debug|Any CPU
		{4044EA84-8AF9-43F0-A2FD-9F43B31A33C4}.Release|Any CPU.ActiveCfg = Release|Any CPU
		{4044EA84-8AF9-43F0-A2FD-9F43B31A33C4}.Release|Any CPU.Build.0 = Release|Any CPU
		{4044EA84-8AF9-43F0-A2FD-9F43B31A33C4}.Release|x64.ActiveCfg = Release|Any CPU
		{4044EA84-8AF9-43F0-A2FD-9F43B31A33C4}.Release|x64.Build.0 = Release|Any CPU
		{4044EA84-8AF9-43F0-A2FD-9F43B31A33C4}.Release|x86.ActiveCfg = Release|Any CPU
		{4044EA84-8AF9-43F0-A2FD-9F43B31A33C4}.Release|x86.Build.0 = Release|Any CPU
		{A0AF04D0-D779-4D90-A77F-90E3A051FFE7}.Debug|Any CPU.ActiveCfg = Debug|Any CPU
		{A0AF04D0-D779-4D90-A77F-90E3A051FFE7}.Debug|Any CPU.Build.0 = Debug|Any CPU
		{A0AF04D0-D779-4D90-A77F-90E3A051FFE7}.Debug|x64.ActiveCfg = Debug|Any CPU
		{A0AF04D0-D779-4D90-A77F-90E3A051FFE7}.Debug|x64.Build.0 = Debug|Any CPU
		{A0AF04D0-D779-4D90-A77F-90E3A051FFE7}.Debug|x86.ActiveCfg = Debug|Any CPU
		{A0AF04D0-D779-4D90-A77F-90E3A051FFE7}.Debug|x86.Build.0 = Debug|Any CPU
		{A0AF04D0-D779-4D90-A77F-90E3A051FFE7}.Release|Any CPU.ActiveCfg = Release|Any CPU
		{A0AF04D0-D779-4D90-A77F-90E3A051FFE7}.Release|Any CPU.Build.0 = Release|Any CPU
		{A0AF04D0-D779-4D90-A77F-90E3A051FFE7}.Release|x64.ActiveCfg = Release|Any CPU
		{A0AF04D0-D779-4D90-A77F-90E3A051FFE7}.Release|x64.Build.0 = Release|Any CPU
		{A0AF04D0-D779-4D90-A77F-90E3A051FFE7}.Release|x86.ActiveCfg = Release|Any CPU
		{A0AF04D0-D779-4D90-A77F-90E3A051FFE7}.Release|x86.Build.0 = Release|Any CPU
		{C70DC1E0-355B-41CF-956D-718CC21AAED2}.Debug|Any CPU.ActiveCfg = Debug|Any CPU
		{C70DC1E0-355B-41CF-956D-718CC21AAED2}.Debug|Any CPU.Build.0 = Debug|Any CPU
		{C70DC1E0-355B-41CF-956D-718CC21AAED2}.Debug|x64.ActiveCfg = Debug|Any CPU
		{C70DC1E0-355B-41CF-956D-718CC21AAED2}.Debug|x64.Build.0 = Debug|Any CPU
		{C70DC1E0-355B-41CF-956D-718CC21AAED2}.Debug|x86.ActiveCfg = Debug|Any CPU
		{C70DC1E0-355B-41CF-956D-718CC21AAED2}.Debug|x86.Build.0 = Debug|Any CPU
		{C70DC1E0-355B-41CF-956D-718CC21AAED2}.Release|Any CPU.ActiveCfg = Release|Any CPU
		{C70DC1E0-355B-41CF-956D-718CC21AAED2}.Release|Any CPU.Build.0 = Release|Any CPU
		{C70DC1E0-355B-41CF-956D-718CC21AAED2}.Release|x64.ActiveCfg = Release|Any CPU
		{C70DC1E0-355B-41CF-956D-718CC21AAED2}.Release|x64.Build.0 = Release|Any CPU
		{C70DC1E0-355B-41CF-956D-718CC21AAED2}.Release|x86.ActiveCfg = Release|Any CPU
		{C70DC1E0-355B-41CF-956D-718CC21AAED2}.Release|x86.Build.0 = Release|Any CPU
	EndGlobalSection
	GlobalSection(SolutionProperties) = preSolution
		HideSolutionNode = FALSE
	EndGlobalSection
	GlobalSection(ExtensibilityGlobals) = postSolution
		SolutionGuid = {DEFA8C31-F781-487E-BC37-67E28B01C21C}
	EndGlobalSection
EndGlobal
